
Microsoft Visual Studio Solution File, Format Version 12.00
# Visual Studio 15
VisualStudioVersion = 15.0.26228.12
MinimumVisualStudioVersion = 10.0.40219.1
Project("{2150E333-8FDC-42A3-9474-1A3956D46DE8}") = "Client", "Client", "{2092C031-62A7-4503-A5DA-473B83B45C7F}"
EndProject
Project("{2150E333-8FDC-42A3-9474-1A3956D46DE8}") = "Server", "Server", "{C1C5E2F7-B1F6-4F8B-9626-0CC554C1E375}"
EndProject
Project("{2150E333-8FDC-42A3-9474-1A3956D46DE8}") = "API", "API", "{BE45B443-534F-4F14-9802-FB6397C71D03}"
EndProject
Project("{2150E333-8FDC-42A3-9474-1A3956D46DE8}") = "Core", "Core", "{9205B9AC-5FAB-4EF0-9D07-A3D98A721E2A}"
EndProject
Project("{2150E333-8FDC-42A3-9474-1A3956D46DE8}") = "Domain", "Domain", "{2FE2535C-1ED9-4391-809B-02988DB6AC61}"
EndProject
Project("{2150E333-8FDC-42A3-9474-1A3956D46DE8}") = "Infrastructure", "Infrastructure", "{53D7901E-5254-4DE2-9ED0-BA6A3C9BCC69}"
EndProject
Project("{FAE04EC0-301F-11D3-BF4B-00C04F79EFBC}") = "ApiClient", "ApiClient\ApiClient.csproj", "{EFF46427-1993-4DA4-B21E-4124D1DE7D02}"
EndProject
Project("{FAE04EC0-301F-11D3-BF4B-00C04F79EFBC}") = "API", "API\API.csproj", "{2C4E6EFE-FBD6-4123-BEE7-DC1BEC11D8B8}"
EndProject
Project("{FAE04EC0-301F-11D3-BF4B-00C04F79EFBC}") = "Core", "Core\Core.csproj", "{E1C4A24F-196A-4983-8954-D2E9F6B793DC}"
EndProject
Project("{FAE04EC0-301F-11D3-BF4B-00C04F79EFBC}") = "Core.DataSource", "Core.DataSource\Core.DataSource.csproj", "{5A2D42A3-806C-4013-A6CF-9D5A2457D409}"
EndProject
Project("{FAE04EC0-301F-11D3-BF4B-00C04F79EFBC}") = "Core.Model", "Core.Model\Core.Model.csproj", "{88B01B1F-C5E7-405A-8654-7AB42CC0E23D}"
EndProject
Project("{FAE04EC0-301F-11D3-BF4B-00C04F79EFBC}") = "Core.Service", "Core.Service\Core.Service.csproj", "{EAEAEB50-799E-42DE-BCE3-4A3FCBF280F0}"
EndProject
Project("{FAE04EC0-301F-11D3-BF4B-00C04F79EFBC}") = "Core.SmsService", "Core.SmsService\Core.SmsService.csproj", "{D9E093D4-A2B6-4485-8310-C06C667108A9}"
EndProject
Project("{FAE04EC0-301F-11D3-BF4B-00C04F79EFBC}") = "Domain", "Domain\Domain.csproj", "{E678964E-301C-4B8E-A46D-750CA5B754F4}"
EndProject
Project("{FAE04EC0-301F-11D3-BF4B-00C04F79EFBC}") = "Infrastructure.DAL", "Infrastructure.DAL\Infrastructure.DAL.csproj", "{E648B5DB-0DBD-4A16-9E5D-223B31983D54}"
EndProject
Project("{FAE04EC0-301F-11D3-BF4B-00C04F79EFBC}") = "Infrastructure.SmsService", "Infrastructure.SmsService\Infrastructure.SmsService.csproj", "{F872825F-C961-4E89-852E-4265190EA7FB}"
EndProject
Global
	GlobalSection(SolutionConfigurationPlatforms) = preSolution
		Debug|Any CPU = Debug|Any CPU
		Release|Any CPU = Release|Any CPU
	EndGlobalSection
	GlobalSection(ProjectConfigurationPlatforms) = postSolution
		{EFF46427-1993-4DA4-B21E-4124D1DE7D02}.Debug|Any CPU.ActiveCfg = Debug|Any CPU
		{EFF46427-1993-4DA4-B21E-4124D1DE7D02}.Debug|Any CPU.Build.0 = Debug|Any CPU
		{EFF46427-1993-4DA4-B21E-4124D1DE7D02}.Release|Any CPU.ActiveCfg = Release|Any CPU
		{EFF46427-1993-4DA4-B21E-4124D1DE7D02}.Release|Any CPU.Build.0 = Release|Any CPU
		{2C4E6EFE-FBD6-4123-BEE7-DC1BEC11D8B8}.Debug|Any CPU.ActiveCfg = Debug|Any CPU
		{2C4E6EFE-FBD6-4123-BEE7-DC1BEC11D8B8}.Debug|Any CPU.Build.0 = Debug|Any CPU
		{2C4E6EFE-FBD6-4123-BEE7-DC1BEC11D8B8}.Release|Any CPU.ActiveCfg = Release|Any CPU
		{2C4E6EFE-FBD6-4123-BEE7-DC1BEC11D8B8}.Release|Any CPU.Build.0 = Release|Any CPU
		{E1C4A24F-196A-4983-8954-D2E9F6B793DC}.Debug|Any CPU.ActiveCfg = Debug|Any CPU
		{E1C4A24F-196A-4983-8954-D2E9F6B793DC}.Debug|Any CPU.Build.0 = Debug|Any CPU
		{E1C4A24F-196A-4983-8954-D2E9F6B793DC}.Release|Any CPU.ActiveCfg = Release|Any CPU
		{E1C4A24F-196A-4983-8954-D2E9F6B793DC}.Release|Any CPU.Build.0 = Release|Any CPU
		{5A2D42A3-806C-4013-A6CF-9D5A2457D409}.Debug|Any CPU.ActiveCfg = Debug|Any CPU
		{5A2D42A3-806C-4013-A6CF-9D5A2457D409}.Debug|Any CPU.Build.0 = Debug|Any CPU
		{5A2D42A3-806C-4013-A6CF-9D5A2457D409}.Release|Any CPU.ActiveCfg = Release|Any CPU
		{5A2D42A3-806C-4013-A6CF-9D5A2457D409}.Release|Any CPU.Build.0 = Release|Any CPU
		{88B01B1F-C5E7-405A-8654-7AB42CC0E23D}.Debug|Any CPU.ActiveCfg = Debug|Any CPU
		{88B01B1F-C5E7-405A-8654-7AB42CC0E23D}.Debug|Any CPU.Build.0 = Debug|Any CPU
		{88B01B1F-C5E7-405A-8654-7AB42CC0E23D}.Release|Any CPU.ActiveCfg = Release|Any CPU
		{88B01B1F-C5E7-405A-8654-7AB42CC0E23D}.Release|Any CPU.Build.0 = Release|Any CPU
		{EAEAEB50-799E-42DE-BCE3-4A3FCBF280F0}.Debug|Any CPU.ActiveCfg = Debug|Any CPU
		{EAEAEB50-799E-42DE-BCE3-4A3FCBF280F0}.Debug|Any CPU.Build.0 = Debug|Any CPU
		{EAEAEB50-799E-42DE-BCE3-4A3FCBF280F0}.Release|Any CPU.ActiveCfg = Release|Any CPU
		{EAEAEB50-799E-42DE-BCE3-4A3FCBF280F0}.Release|Any CPU.Build.0 = Release|Any CPU
		{D9E093D4-A2B6-4485-8310-C06C667108A9}.Debug|Any CPU.ActiveCfg = Debug|Any CPU
		{D9E093D4-A2B6-4485-8310-C06C667108A9}.Debug|Any CPU.Build.0 = Debug|Any CPU
		{D9E093D4-A2B6-4485-8310-C06C667108A9}.Release|Any CPU.ActiveCfg = Release|Any CPU
		{D9E093D4-A2B6-4485-8310-C06C667108A9}.Release|Any CPU.Build.0 = Release|Any CPU
		{E678964E-301C-4B8E-A46D-750CA5B754F4}.Debug|Any CPU.ActiveCfg = Debug|Any CPU
		{E678964E-301C-4B8E-A46D-750CA5B754F4}.Debug|Any CPU.Build.0 = Debug|Any CPU
		{E678964E-301C-4B8E-A46D-750CA5B754F4}.Release|Any CPU.ActiveCfg = Release|Any CPU
		{E678964E-301C-4B8E-A46D-750CA5B754F4}.Release|Any CPU.Build.0 = Release|Any CPU
		{E648B5DB-0DBD-4A16-9E5D-223B31983D54}.Debug|Any CPU.ActiveCfg = Debug|Any CPU
		{E648B5DB-0DBD-4A16-9E5D-223B31983D54}.Debug|Any CPU.Build.0 = Debug|Any CPU
		{E648B5DB-0DBD-4A16-9E5D-223B31983D54}.Release|Any CPU.ActiveCfg = Release|Any CPU
		{E648B5DB-0DBD-4A16-9E5D-223B31983D54}.Release|Any CPU.Build.0 = Release|Any CPU
		{F872825F-C961-4E89-852E-4265190EA7FB}.Debug|Any CPU.ActiveCfg = Debug|Any CPU
		{F872825F-C961-4E89-852E-4265190EA7FB}.Debug|Any CPU.Build.0 = Debug|Any CPU
		{F872825F-C961-4E89-852E-4265190EA7FB}.Release|Any CPU.ActiveCfg = Release|Any CPU
		{F872825F-C961-4E89-852E-4265190EA7FB}.Release|Any CPU.Build.0 = Release|Any CPU
	EndGlobalSection
	GlobalSection(SolutionProperties) = preSolution
		HideSolutionNode = FALSE
	EndGlobalSection
	GlobalSection(NestedProjects) = preSolution
		{BE45B443-534F-4F14-9802-FB6397C71D03} = {C1C5E2F7-B1F6-4F8B-9626-0CC554C1E375}
		{9205B9AC-5FAB-4EF0-9D07-A3D98A721E2A} = {C1C5E2F7-B1F6-4F8B-9626-0CC554C1E375}
		{2FE2535C-1ED9-4391-809B-02988DB6AC61} = {C1C5E2F7-B1F6-4F8B-9626-0CC554C1E375}
		{53D7901E-5254-4DE2-9ED0-BA6A3C9BCC69} = {C1C5E2F7-B1F6-4F8B-9626-0CC554C1E375}
		{EFF46427-1993-4DA4-B21E-4124D1DE7D02} = {2092C031-62A7-4503-A5DA-473B83B45C7F}
		{2C4E6EFE-FBD6-4123-BEE7-DC1BEC11D8B8} = {BE45B443-534F-4F14-9802-FB6397C71D03}
		{E1C4A24F-196A-4983-8954-D2E9F6B793DC} = {9205B9AC-5FAB-4EF0-9D07-A3D98A721E2A}
		{5A2D42A3-806C-4013-A6CF-9D5A2457D409} = {9205B9AC-5FAB-4EF0-9D07-A3D98A721E2A}
		{88B01B1F-C5E7-405A-8654-7AB42CC0E23D} = {9205B9AC-5FAB-4EF0-9D07-A3D98A721E2A}
		{EAEAEB50-799E-42DE-BCE3-4A3FCBF280F0} = {9205B9AC-5FAB-4EF0-9D07-A3D98A721E2A}
		{D9E093D4-A2B6-4485-8310-C06C667108A9} = {9205B9AC-5FAB-4EF0-9D07-A3D98A721E2A}
		{E678964E-301C-4B8E-A46D-750CA5B754F4} = {2FE2535C-1ED9-4391-809B-02988DB6AC61}
		{E648B5DB-0DBD-4A16-9E5D-223B31983D54} = {53D7901E-5254-4DE2-9ED0-BA6A3C9BCC69}
		{F872825F-C961-4E89-852E-4265190EA7FB} = {53D7901E-5254-4DE2-9ED0-BA6A3C9BCC69}
	EndGlobalSection
EndGlobal
